// !$*UTF8*$!
{
	archiveVersion = 1;
	classes = {
	};
	objectVersion = 56;
	objects = {

/* Begin PBXBuildFile section */
		FF26CDEC2B7FF76600F30382 /* despertadorApp.swift in Sources */ = {isa = PBXBuildFile; fileRef = FF26CDEB2B7FF76600F30382 /* despertadorApp.swift */; };
		FF26CDEE2B7FF76600F30382 /* ContentView.swift in Sources */ = {isa = PBXBuildFile; fileRef = FF26CDED2B7FF76600F30382 /* ContentView.swift */; };
		FF26CDF02B7FF76800F30382 /* Assets.xcassets in Resources */ = {isa = PBXBuildFile; fileRef = FF26CDEF2B7FF76800F30382 /* Assets.xcassets */; };
		FF26CDF32B7FF76800F30382 /* Preview Assets.xcassets in Resources */ = {isa = PBXBuildFile; fileRef = FF26CDF22B7FF76800F30382 /* Preview Assets.xcassets */; };
		FF4B3DD32B853D6000A957DC /* SourceSansPro-Bold.otf in Resources */ = {isa = PBXBuildFile; fileRef = FF4B3DD02B853D5F00A957DC /* SourceSansPro-Bold.otf */; };
		FF4B3DD42B853D6000A957DC /* SourceSansPro-Regular.otf in Resources */ = {isa = PBXBuildFile; fileRef = FF4B3DD12B853D6000A957DC /* SourceSansPro-Regular.otf */; };
		FF4B3DD52B853D6000A957DC /* SourceSansPro-Semibold.otf in Resources */ = {isa = PBXBuildFile; fileRef = FF4B3DD22B853D6000A957DC /* SourceSansPro-Semibold.otf */; };
		FF4B3DD82B8540D000A957DC /* Optima.ttc in Resources */ = {isa = PBXBuildFile; fileRef = FF4B3DD72B8540D000A957DC /* Optima.ttc */; };
		FFC7023F2BA3985D00F30194 /* DayView.swift in Sources */ = {isa = PBXBuildFile; fileRef = FFC7023E2BA3985D00F30194 /* DayView.swift */; };
		FFC702412BA39E0D00F30194 /* CustomDividerView.swift in Sources */ = {isa = PBXBuildFile; fileRef = FFC702402BA39E0D00F30194 /* CustomDividerView.swift */; };
		FFC702432BA39ED800F30194 /* LightSliderView.swift in Sources */ = {isa = PBXBuildFile; fileRef = FFC702422BA39ED800F30194 /* LightSliderView.swift */; };
		FFC702452BA39F3900F30194 /* CustomFont.swift in Sources */ = {isa = PBXBuildFile; fileRef = FFC702442BA39F3900F30194 /* CustomFont.swift */; };
/* End PBXBuildFile section */

/* Begin PBXFileReference section */
		FF26CDE82B7FF76600F30382 /* despertador.app */ = {isa = PBXFileReference; explicitFileType = wrapper.application; includeInIndex = 0; path = despertador.app; sourceTree = BUILT_PRODUCTS_DIR; };
		FF26CDEB2B7FF76600F30382 /* despertadorApp.swift */ = {isa = PBXFileReference; lastKnownFileType = sourcecode.swift; path = despertadorApp.swift; sourceTree = "<group>"; };
		FF26CDED2B7FF76600F30382 /* ContentView.swift */ = {isa = PBXFileReference; lastKnownFileType = sourcecode.swift; path = ContentView.swift; sourceTree = "<group>"; };
		FF26CDEF2B7FF76800F30382 /* Assets.xcassets */ = {isa = PBXFileReference; lastKnownFileType = folder.assetcatalog; path = Assets.xcassets; sourceTree = "<group>"; };
		FF26CDF22B7FF76800F30382 /* Preview Assets.xcassets */ = {isa = PBXFileReference; lastKnownFileType = folder.assetcatalog; path = "Preview Assets.xcassets"; sourceTree = "<group>"; };
		FF4B3DD02B853D5F00A957DC /* SourceSansPro-Bold.otf */ = {isa = PBXFileReference; lastKnownFileType = file; path = "SourceSansPro-Bold.otf"; sourceTree = "<group>"; };
		FF4B3DD12B853D6000A957DC /* SourceSansPro-Regular.otf */ = {isa = PBXFileReference; lastKnownFileType = file; path = "SourceSansPro-Regular.otf"; sourceTree = "<group>"; };
		FF4B3DD22B853D6000A957DC /* SourceSansPro-Semibold.otf */ = {isa = PBXFileReference; lastKnownFileType = file; path = "SourceSansPro-Semibold.otf"; sourceTree = "<group>"; };
		FF4B3DD62B853E9300A957DC /* Info.plist */ = {isa = PBXFileReference; lastKnownFileType = text.plist; path = Info.plist; sourceTree = "<group>"; };
		FF4B3DD72B8540D000A957DC /* Optima.ttc */ = {isa = PBXFileReference; lastKnownFileType = file; path = Optima.ttc; sourceTree = "<group>"; };
		FFC7023E2BA3985D00F30194 /* DayView.swift */ = {isa = PBXFileReference; lastKnownFileType = sourcecode.swift; path = DayView.swift; sourceTree = "<group>"; };
		FFC702402BA39E0D00F30194 /* CustomDividerView.swift */ = {isa = PBXFileReference; lastKnownFileType = sourcecode.swift; path = CustomDividerView.swift; sourceTree = "<group>"; };
		FFC702422BA39ED800F30194 /* LightSliderView.swift */ = {isa = PBXFileReference; lastKnownFileType = sourcecode.swift; path = LightSliderView.swift; sourceTree = "<group>"; };
		FFC702442BA39F3900F30194 /* CustomFont.swift */ = {isa = PBXFileReference; lastKnownFileType = sourcecode.swift; path = CustomFont.swift; sourceTree = "<group>"; };
/* End PBXFileReference section */

/* Begin PBXFrameworksBuildPhase section */
		FF26CDE52B7FF76600F30382 /* Frameworks */ = {
			isa = PBXFrameworksBuildPhase;
			buildActionMask = 2147483647;
			files = (
			);
			runOnlyForDeploymentPostprocessing = 0;
		};
/* End PBXFrameworksBuildPhase section */

/* Begin PBXGroup section */
		FF26CDDF2B7FF76500F30382 = {
			isa = PBXGroup;
			children = (
				FF26CDEA2B7FF76600F30382 /* despertador */,
				FF26CDE92B7FF76600F30382 /* Products */,
			);
			sourceTree = "<group>";
		};
		FF26CDE92B7FF76600F30382 /* Products */ = {
			isa = PBXGroup;
			children = (
				FF26CDE82B7FF76600F30382 /* despertador.app */,
			);
			name = Products;
			sourceTree = "<group>";
		};
		FF26CDEA2B7FF76600F30382 /* despertador */ = {
			isa = PBXGroup;
			children = (
				FF4B3DD62B853E9300A957DC /* Info.plist */,
				FF4B3DD72B8540D000A957DC /* Optima.ttc */,
				FF4B3DD02B853D5F00A957DC /* SourceSansPro-Bold.otf */,
				FF4B3DD12B853D6000A957DC /* SourceSansPro-Regular.otf */,
				FF4B3DD22B853D6000A957DC /* SourceSansPro-Semibold.otf */,
				FF26CDEB2B7FF76600F30382 /* despertadorApp.swift */,
				FF26CDED2B7FF76600F30382 /* ContentView.swift */,
				FFC702442BA39F3900F30194 /* CustomFont.swift */,
				FFC702422BA39ED800F30194 /* LightSliderView.swift */,
				FFC702402BA39E0D00F30194 /* CustomDividerView.swift */,
				FFC7023E2BA3985D00F30194 /* DayView.swift */,
				FF26CDEF2B7FF76800F30382 /* Assets.xcassets */,
				FF26CDF12B7FF76800F30382 /* Preview Content */,
			);
			path = despertador;
			sourceTree = "<group>";
		};
		FF26CDF12B7FF76800F30382 /* Preview Content */ = {
			isa = PBXGroup;
			children = (
				FF26CDF22B7FF76800F30382 /* Preview Assets.xcassets */,
			);
			path = "Preview Content";
			sourceTree = "<group>";
		};
/* End PBXGroup section */

/* Begin PBXNativeTarget section */
		FF26CDE72B7FF76600F30382 /* despertador */ = {
			isa = PBXNativeTarget;
			buildConfigurationList = FF26CDF62B7FF76800F30382 /* Build configuration list for PBXNativeTarget "despertador" */;
			buildPhases = (
				FF26CDE42B7FF76600F30382 /* Sources */,
				FF26CDE52B7FF76600F30382 /* Frameworks */,
				FF26CDE62B7FF76600F30382 /* Resources */,
			);
			buildRules = (
			);
			dependencies = (
			);
			name = despertador;
			productName = despertador;
			productReference = FF26CDE82B7FF76600F30382 /* despertador.app */;
			productType = "com.apple.product-type.application";
		};
/* End PBXNativeTarget section */

/* Begin PBXProject section */
		FF26CDE02B7FF76500F30382 /* Project object */ = {
			isa = PBXProject;
			attributes = {
				BuildIndependentTargetsInParallel = 1;
				LastSwiftUpdateCheck = 1520;
				LastUpgradeCheck = 1520;
				TargetAttributes = {
					FF26CDE72B7FF76600F30382 = {
						CreatedOnToolsVersion = 15.2;
					};
				};
			};
			buildConfigurationList = FF26CDE32B7FF76500F30382 /* Build configuration list for PBXProject "despertador" */;
			compatibilityVersion = "Xcode 14.0";
			developmentRegion = en;
			hasScannedForEncodings = 0;
			knownRegions = (
				en,
				Base,
			);
			mainGroup = FF26CDDF2B7FF76500F30382;
			productRefGroup = FF26CDE92B7FF76600F30382 /* Products */;
			projectDirPath = "";
			projectRoot = "";
			targets = (
				FF26CDE72B7FF76600F30382 /* despertador */,
			);
		};
/* End PBXProject section */

/* Begin PBXResourcesBuildPhase section */
		FF26CDE62B7FF76600F30382 /* Resources */ = {
			isa = PBXResourcesBuildPhase;
			buildActionMask = 2147483647;
			files = (
				FF26CDF32B7FF76800F30382 /* Preview Assets.xcassets in Resources */,
				FF4B3DD32B853D6000A957DC /* SourceSansPro-Bold.otf in Resources */,
				FF4B3DD42B853D6000A957DC /* SourceSansPro-Regular.otf in Resources */,
				FF26CDF02B7FF76800F30382 /* Assets.xcassets in Resources */,
				FF4B3DD52B853D6000A957DC /* SourceSansPro-Semibold.otf in Resources */,
				FF4B3DD82B8540D000A957DC /* Optima.ttc in Resources */,
			);
			runOnlyForDeploymentPostprocessing = 0;
		};
/* End PBXResourcesBuildPhase section */

/* Begin PBXSourcesBuildPhase section */
		FF26CDE42B7FF76600F30382 /* Sources */ = {
			isa = PBXSourcesBuildPhase;
			buildActionMask = 2147483647;
			files = (
				FFC702412BA39E0D00F30194 /* CustomDividerView.swift in Sources */,
				FF26CDEE2B7FF76600F30382 /* ContentView.swift in Sources */,
				FFC7023F2BA3985D00F30194 /* DayView.swift in Sources */,
				FFC702452BA39F3900F30194 /* CustomFont.swift in Sources */,
				FF26CDEC2B7FF76600F30382 /* despertadorApp.swift in Sources */,
				FFC702432BA39ED800F30194 /* LightSliderView.swift in Sources */,
			);
			runOnlyForDeploymentPostprocessing = 0;
		};
/* End PBXSourcesBuildPhase section */

/* Begin XCBuildConfiguration section */
		FF26CDF42B7FF76800F30382 /* Debug */ = {
			isa = XCBuildConfiguration;
			buildSettings = {
				ALWAYS_SEARCH_USER_PATHS = NO;
				ASSETCATALOG_COMPILER_GENERATE_SWIFT_ASSET_SYMBOL_EXTENSIONS = YES;
				CLANG_ANALYZER_NONNULL = YES;
				CLANG_ANALYZER_NUMBER_OBJECT_CONVERSION = YES_AGGRESSIVE;
				CLANG_CXX_LANGUAGE_STANDARD = "gnu++20";
				CLANG_ENABLE_MODULES = YES;
				CLANG_ENABLE_OBJC_ARC = YES;
				CLANG_ENABLE_OBJC_WEAK = YES;
				CLANG_WARN_BLOCK_CAPTURE_AUTORELEASING = YES;
				CLANG_WARN_BOOL_CONVERSION = YES;
				CLANG_WARN_COMMA = YES;
				CLANG_WARN_CONSTANT_CONVERSION = YES;
				CLANG_WARN_DEPRECATED_OBJC_IMPLEMENTATIONS = YES;
				CLANG_WARN_DIRECT_OBJC_ISA_USAGE = YES_ERROR;
				CLANG_WARN_DOCUMENTATION_COMMENTS = YES;
				CLANG_WARN_EMPTY_BODY = YES;
				CLANG_WARN_ENUM_CONVERSION = YES;
				CLANG_WARN_INFINITE_RECURSION = YES;
				CLANG_WARN_INT_CONVERSION = YES;
				CLANG_WARN_NON_LITERAL_NULL_CONVERSION = YES;
				CLANG_WARN_OBJC_IMPLICIT_RETAIN_SELF = YES;
				CLANG_WARN_OBJC_LITERAL_CONVERSION = YES;
				CLANG_WARN_OBJC_ROOT_CLASS = YES_ERROR;
				CLANG_WARN_QUOTED_INCLUDE_IN_FRAMEWORK_HEADER = YES;
				CLANG_WARN_RANGE_LOOP_ANALYSIS = YES;
				CLANG_WARN_STRICT_PROTOTYPES = YES;
				CLANG_WARN_SUSPICIOUS_MOVE = YES;
				CLANG_WARN_UNGUARDED_AVAILABILITY = YES_AGGRESSIVE;
				CLANG_WARN_UNREACHABLE_CODE = YES;
				CLANG_WARN__DUPLICATE_METHOD_MATCH = YES;
				COPY_PHASE_STRIP = NO;
				DEBUG_INFORMATION_FORMAT = dwarf;
				ENABLE_STRICT_OBJC_MSGSEND = YES;
				ENABLE_TESTABILITY = YES;
				ENABLE_USER_SCRIPT_SANDBOXING = YES;
				GCC_C_LANGUAGE_STANDARD = gnu17;
				GCC_DYNAMIC_NO_PIC = NO;
				GCC_NO_COMMON_BLOCKS = YES;
				GCC_OPTIMIZATION_LEVEL = 0;
				GCC_PREPROCESSOR_DEFINITIONS = (
					"DEBUG=1",
					"$(inherited)",
				);
				GCC_WARN_64_TO_32_BIT_CONVERSION = YES;
				GCC_WARN_ABOUT_RETURN_TYPE = YES_ERROR;
				GCC_WARN_UNDECLARED_SELECTOR = YES;
				GCC_WARN_UNINITIALIZED_AUTOS = YES_AGGRESSIVE;
				GCC_WARN_UNUSED_FUNCTION = YES;
				GCC_WARN_UNUSED_VARIABLE = YES;
				IPHONEOS_DEPLOYMENT_TARGET = 17.2;
				LOCALIZATION_PREFERS_STRING_CATALOGS = YES;
				MTL_ENABLE_DEBUG_INFO = INCLUDE_SOURCE;
				MTL_FAST_MATH = YES;
				ONLY_ACTIVE_ARCH = YES;
				SDKROOT = iphoneos;
				SWIFT_ACTIVE_COMPILATION_CONDITIONS = "DEBUG $(inherited)";
				SWIFT_OPTIMIZATION_LEVEL = "-Onone";
			};
			name = Debug;
		};
		FF26CDF52B7FF76800F30382 /* Release */ = {
			isa = XCBuildConfiguration;
			buildSettings = {
				ALWAYS_SEARCH_USER_PATHS = NO;
				ASSETCATALOG_COMPILER_GENERATE_SWIFT_ASSET_SYMBOL_EXTENSIONS = YES;
				CLANG_ANALYZER_NONNULL = YES;
				CLANG_ANALYZER_NUMBER_OBJECT_CONVERSION = YES_AGGRESSIVE;
				CLANG_CXX_LANGUAGE_STANDARD = "gnu++20";
				CLANG_ENABLE_MODULES = YES;
				CLANG_ENABLE_OBJC_ARC = YES;
				CLANG_ENABLE_OBJC_WEAK = YES;
				CLANG_WARN_BLOCK_CAPTURE_AUTORELEASING = YES;
				CLANG_WARN_BOOL_CONVERSION = YES;
				CLANG_WARN_COMMA = YES;
				CLANG_WARN_CONSTANT_CONVERSION = YES;
				CLANG_WARN_DEPRECATED_OBJC_IMPLEMENTATIONS = YES;
				CLANG_WARN_DIRECT_OBJC_ISA_USAGE = YES_ERROR;
				CLANG_WARN_DOCUMENTATION_COMMENTS = YES;
				CLANG_WARN_EMPTY_BODY = YES;
				CLANG_WARN_ENUM_CONVERSION = YES;
				CLANG_WARN_INFINITE_RECURSION = YES;
				CLANG_WARN_INT_CONVERSION = YES;
				CLANG_WARN_NON_LITERAL_NULL_CONVERSION = YES;
				CLANG_WARN_OBJC_IMPLICIT_RETAIN_SELF = YES;
				CLANG_WARN_OBJC_LITERAL_CONVERSION = YES;
				CLANG_WARN_OBJC_ROOT_CLASS = YES_ERROR;
				CLANG_WARN_QUOTED_INCLUDE_IN_FRAMEWORK_HEADER = YES;
				CLANG_WARN_RANGE_LOOP_ANALYSIS = YES;
				CLANG_WARN_STRICT_PROTOTYPES = YES;
				CLANG_WARN_SUSPICIOUS_MOVE = YES;
				CLANG_WARN_UNGUARDED_AVAILABILITY = YES_AGGRESSIVE;
				CLANG_WARN_UNREACHABLE_CODE = YES;
				CLANG_WARN__DUPLICATE_METHOD_MATCH = YES;
				COPY_PHASE_STRIP = NO;
				DEBUG_INFORMATION_FORMAT = "dwarf-with-dsym";
				ENABLE_NS_ASSERTIONS = NO;
				ENABLE_STRICT_OBJC_MSGSEND = YES;
				ENABLE_USER_SCRIPT_SANDBOXING = YES;
				GCC_C_LANGUAGE_STANDARD = gnu17;
				GCC_NO_COMMON_BLOCKS = YES;
				GCC_WARN_64_TO_32_BIT_CONVERSION = YES;
				GCC_WARN_ABOUT_RETURN_TYPE = YES_ERROR;
				GCC_WARN_UNDECLARED_SELECTOR = YES;
				GCC_WARN_UNINITIALIZED_AUTOS = YES_AGGRESSIVE;
				GCC_WARN_UNUSED_FUNCTION = YES;
				GCC_WARN_UNUSED_VARIABLE = YES;
				IPHONEOS_DEPLOYMENT_TARGET = 17.2;
				LOCALIZATION_PREFERS_STRING_CATALOGS = YES;
				MTL_ENABLE_DEBUG_INFO = NO;
				MTL_FAST_MATH = YES;
				SDKROOT = iphoneos;
				SWIFT_COMPILATION_MODE = wholemodule;
				VALIDATE_PRODUCT = YES;
			};
			name = Release;
		};
		FF26CDF72B7FF76800F30382 /* Debug */ = {
			isa = XCBuildConfiguration;
			buildSettings = {
				ASSETCATALOG_COMPILER_APPICON_NAME = AppIcon;
				ASSETCATALOG_COMPILER_GLOBAL_ACCENT_COLOR_NAME = AccentColor;
				CODE_SIGN_STYLE = Automatic;
				CURRENT_PROJECT_VERSION = 1;
				DEVELOPMENT_ASSET_PATHS = "\"despertador/Preview Content\"";
				DEVELOPMENT_TEAM = 5F4WT75Y63;
				ENABLE_PREVIEWS = YES;
				GENERATE_INFOPLIST_FILE = YES;
				INFOPLIST_FILE = despertador/Info.plist;
				INFOPLIST_KEY_UIApplicationSceneManifest_Generation = YES;
				INFOPLIST_KEY_UIApplicationSupportsIndirectInputEvents = YES;
				INFOPLIST_KEY_UILaunchScreen_Generation = YES;
				INFOPLIST_KEY_UIStatusBarStyle = "";
				INFOPLIST_KEY_UISupportedInterfaceOrientations = UIInterfaceOrientationPortrait;
				INFOPLIST_KEY_UISupportedInterfaceOrientations_iPad = "UIInterfaceOrientationPortrait UIInterfaceOrientationPortraitUpsideDown";
				LD_RUNPATH_SEARCH_PATHS = (
					"$(inherited)",
					"@executable_path/Frameworks",
				);
				MARKETING_VERSION = 1.0;
				PRODUCT_BUNDLE_IDENTIFIER = com.liquen.despertador;
				PRODUCT_NAME = "$(TARGET_NAME)";
				SUPPORTED_PLATFORMS = "iphoneos iphonesimulator";
				SUPPORTS_MACCATALYST = NO;
				SUPPORTS_MAC_DESIGNED_FOR_IPHONE_IPAD = NO;
				SUPPORTS_XR_DESIGNED_FOR_IPHONE_IPAD = NO;
				SWIFT_EMIT_LOC_STRINGS = YES;
				SWIFT_VERSION = 5.0;
				TARGETED_DEVICE_FAMILY = 1;
			};
			name = Debug;
		};
		FF26CDF82B7FF76800F30382 /* Release */ = {
			isa = XCBuildConfiguration;
			buildSettings = {
				ASSETCATALOG_COMPILER_APPICON_NAME = AppIcon;
				ASSETCATALOG_COMPILER_GLOBAL_ACCENT_COLOR_NAME = AccentColor;
				CODE_SIGN_STYLE = Automatic;
				CURRENT_PROJECT_VERSION = 1;
				DEVELOPMENT_ASSET_PATHS = "\"despertador/Preview Content\"";
				DEVELOPMENT_TEAM = 5F4WT75Y63;
				ENABLE_PREVIEWS = YES;
				GENERATE_INFOPLIST_FILE = YES;
				INFOPLIST_FILE = despertador/Info.plist;
				INFOPLIST_KEY_UIApplicationSceneManifest_Generation = YES;
				INFOPLIST_KEY_UIApplicationSupportsIndirectInputEvents = YES;
				INFOPLIST_KEY_UILaunchScreen_Generation = YES;
				INFOPLIST_KEY_UIStatusBarStyle = "";
				INFOPLIST_KEY_UISupportedInterfaceOrientations = UIInterfaceOrientationPortrait;
				INFOPLIST_KEY_UISupportedInterfaceOrientations_iPad = "UIInterfaceOrientationPortrait UIInterfaceOrientationPortraitUpsideDown";
				LD_RUNPATH_SEARCH_PATHS = (
					"$(inherited)",
					"@executable_path/Frameworks",
				);
				MARKETING_VERSION = 1.0;
				PRODUCT_BUNDLE_IDENTIFIER = com.liquen.despertador;
				PRODUCT_NAME = "$(TARGET_NAME)";
				SUPPORTED_PLATFORMS = "iphoneos iphonesimulator";
				SUPPORTS_MACCATALYST = NO;
				SUPPORTS_MAC_DESIGNED_FOR_IPHONE_IPAD = NO;
				SUPPORTS_XR_DESIGNED_FOR_IPHONE_IPAD = NO;
				SWIFT_EMIT_LOC_STRINGS = YES;
				SWIFT_VERSION = 5.0;
				TARGETED_DEVICE_FAMILY = 1;
			};
			name = Release;
		};
/* End XCBuildConfiguration section */

/* Begin XCConfigurationList section */
		FF26CDE32B7FF76500F30382 /* Build configuration list for PBXProject "despertador" */ = {
			isa = XCConfigurationList;
			buildConfigurations = (
				FF26CDF42B7FF76800F30382 /* Debug */,
				FF26CDF52B7FF76800F30382 /* Release */,
			);
			defaultConfigurationIsVisible = 0;
			defaultConfigurationName = Release;
		};
		FF26CDF62B7FF76800F30382 /* Build configuration list for PBXNativeTarget "despertador" */ = {
			isa = XCConfigurationList;
			buildConfigurations = (
				FF26CDF72B7FF76800F30382 /* Debug */,
				FF26CDF82B7FF76800F30382 /* Release */,
			);
			defaultConfigurationIsVisible = 0;
			defaultConfigurationName = Release;
		};
/* End XCConfigurationList section */
	};
	rootObject = FF26CDE02B7FF76500F30382 /* Project object */;
}
